
Microsoft Visual Studio Solution File, Format Version 12.00
# Visual Studio Version 16
VisualStudioVersion = 16.0.31005.135
MinimumVisualStudioVersion = 10.0.40219.1
Project("{FAE04EC0-301F-11D3-BF4B-00C04F79EFBC}") = "Task_3", "Task_3\Task_3.csproj", "{CE7320EB-C8B2-456A-96AB-0F9E9E3BC266}"
EndProject
Project("{FAE04EC0-301F-11D3-BF4B-00C04F79EFBC}") = "Task_4", "Task_4\Task_4.csproj", "{CC4CDFEC-31F3-450B-BE52-885A7CC070B0}"
EndProject
Project("{FAE04EC0-301F-11D3-BF4B-00C04F79EFBC}") = "Task_5", "Task_5\Task_5.csproj", "{B17E1E58-F67D-4339-9936-211D663ABD9F}"
EndProject
Global
	GlobalSection(SolutionConfigurationPlatforms) = preSolution
		Debug|Any CPU = Debug|Any CPU
		Release|Any CPU = Release|Any CPU
	EndGlobalSection
	GlobalSection(ProjectConfigurationPlatforms) = postSolution
		{CE7320EB-C8B2-456A-96AB-0F9E9E3BC266}.Debug|Any CPU.ActiveCfg = Debug|Any CPU
		{CE7320EB-C8B2-456A-96AB-0F9E9E3BC266}.Debug|Any CPU.Build.0 = Debug|Any CPU
		{CE7320EB-C8B2-456A-96AB-0F9E9E3BC266}.Release|Any CPU.ActiveCfg = Release|Any CPU
		{CE7320EB-C8B2-456A-96AB-0F9E9E3BC266}.Release|Any CPU.Build.0 = Release|Any CPU
		{CC4CDFEC-31F3-450B-BE52-885A7CC070B0}.Debug|Any CPU.ActiveCfg = Debug|Any CPU
		{CC4CDFEC-31F3-450B-BE52-885A7CC070B0}.Debug|Any CPU.Build.0 = Debug|Any CPU
		{CC4CDFEC-31F3-450B-BE52-885A7CC070B0}.Release|Any CPU.ActiveCfg = Release|Any CPU
		{CC4CDFEC-31F3-450B-BE52-885A7CC070B0}.Release|Any CPU.Build.0 = Release|Any CPU
		{B17E1E58-F67D-4339-9936-211D663ABD9F}.Debug|Any CPU.ActiveCfg = Debug|Any CPU
		{B17E1E58-F67D-4339-9936-211D663ABD9F}.Debug|Any CPU.Build.0 = Debug|Any CPU
		{B17E1E58-F67D-4339-9936-211D663ABD9F}.Release|Any CPU.ActiveCfg = Release|Any CPU
		{B17E1E58-F67D-4339-9936-211D663ABD9F}.Release|Any CPU.Build.0 = Release|Any CPU
	EndGlobalSection
	GlobalSection(SolutionProperties) = preSolution
		HideSolutionNode = FALSE
	EndGlobalSection
	GlobalSection(ExtensibilityGlobals) = postSolution
		SolutionGuid = {507F72B6-CABC-4F14-BB77-7DF28F101AB7}
	EndGlobalSection
EndGlobal
