
Microsoft Visual Studio Solution File, Format Version 12.00
# Visual Studio Version 16
VisualStudioVersion = 16.0.30907.101
MinimumVisualStudioVersion = 10.0.40219.1
Project("{FAE04EC0-301F-11D3-BF4B-00C04F79EFBC}") = "Task_1", "Task_1\Task_1.csproj", "{DC7FC1CF-DF4D-4154-A102-EDD5E6B68EAE}"
EndProject
Project("{FAE04EC0-301F-11D3-BF4B-00C04F79EFBC}") = "Task_2", "Task_2\Task_2.csproj", "{7D5FD9C9-C6EB-4F9B-8FED-DF208126A04E}"
EndProject
Project("{FAE04EC0-301F-11D3-BF4B-00C04F79EFBC}") = "Task_3", "Task_3\Task_3.csproj", "{A73F19FC-9765-43B2-BBAA-4872D21D57F4}"
EndProject
Global
	GlobalSection(SolutionConfigurationPlatforms) = preSolution
		Debug|Any CPU = Debug|Any CPU
		Release|Any CPU = Release|Any CPU
	EndGlobalSection
	GlobalSection(ProjectConfigurationPlatforms) = postSolution
		{DC7FC1CF-DF4D-4154-A102-EDD5E6B68EAE}.Debug|Any CPU.ActiveCfg = Debug|Any CPU
		{DC7FC1CF-DF4D-4154-A102-EDD5E6B68EAE}.Debug|Any CPU.Build.0 = Debug|Any CPU
		{DC7FC1CF-DF4D-4154-A102-EDD5E6B68EAE}.Release|Any CPU.ActiveCfg = Release|Any CPU
		{DC7FC1CF-DF4D-4154-A102-EDD5E6B68EAE}.Release|Any CPU.Build.0 = Release|Any CPU
		{7D5FD9C9-C6EB-4F9B-8FED-DF208126A04E}.Debug|Any CPU.ActiveCfg = Debug|Any CPU
		{7D5FD9C9-C6EB-4F9B-8FED-DF208126A04E}.Debug|Any CPU.Build.0 = Debug|Any CPU
		{7D5FD9C9-C6EB-4F9B-8FED-DF208126A04E}.Release|Any CPU.ActiveCfg = Release|Any CPU
		{7D5FD9C9-C6EB-4F9B-8FED-DF208126A04E}.Release|Any CPU.Build.0 = Release|Any CPU
		{A73F19FC-9765-43B2-BBAA-4872D21D57F4}.Debug|Any CPU.ActiveCfg = Debug|Any CPU
		{A73F19FC-9765-43B2-BBAA-4872D21D57F4}.Debug|Any CPU.Build.0 = Debug|Any CPU
		{A73F19FC-9765-43B2-BBAA-4872D21D57F4}.Release|Any CPU.ActiveCfg = Release|Any CPU
		{A73F19FC-9765-43B2-BBAA-4872D21D57F4}.Release|Any CPU.Build.0 = Release|Any CPU
	EndGlobalSection
	GlobalSection(SolutionProperties) = preSolution
		HideSolutionNode = FALSE
	EndGlobalSection
	GlobalSection(ExtensibilityGlobals) = postSolution
		SolutionGuid = {BE444E88-1A94-40E8-B694-1B27968D0715}
	EndGlobalSection
EndGlobal
