
Microsoft Visual Studio Solution File, Format Version 12.00
# Visual Studio Version 16
VisualStudioVersion = 16.0.31105.61
MinimumVisualStudioVersion = 10.0.40219.1
Project("{FAE04EC0-301F-11D3-BF4B-00C04F79EFBC}") = "Task_1", "Task_1\Task_1.csproj", "{6BA785FF-AA4B-4D5A-8ABD-E8D4A55E4A88}"
EndProject
Project("{FAE04EC0-301F-11D3-BF4B-00C04F79EFBC}") = "Task_2", "Task_2\Task_2.csproj", "{811F0640-8413-4601-83D3-FF2B438632FA}"
EndProject
Global
	GlobalSection(SolutionConfigurationPlatforms) = preSolution
		Debug|Any CPU = Debug|Any CPU
		Release|Any CPU = Release|Any CPU
	EndGlobalSection
	GlobalSection(ProjectConfigurationPlatforms) = postSolution
		{6BA785FF-AA4B-4D5A-8ABD-E8D4A55E4A88}.Debug|Any CPU.ActiveCfg = Debug|Any CPU
		{6BA785FF-AA4B-4D5A-8ABD-E8D4A55E4A88}.Debug|Any CPU.Build.0 = Debug|Any CPU
		{6BA785FF-AA4B-4D5A-8ABD-E8D4A55E4A88}.Release|Any CPU.ActiveCfg = Release|Any CPU
		{6BA785FF-AA4B-4D5A-8ABD-E8D4A55E4A88}.Release|Any CPU.Build.0 = Release|Any CPU
		{811F0640-8413-4601-83D3-FF2B438632FA}.Debug|Any CPU.ActiveCfg = Debug|Any CPU
		{811F0640-8413-4601-83D3-FF2B438632FA}.Debug|Any CPU.Build.0 = Debug|Any CPU
		{811F0640-8413-4601-83D3-FF2B438632FA}.Release|Any CPU.ActiveCfg = Release|Any CPU
		{811F0640-8413-4601-83D3-FF2B438632FA}.Release|Any CPU.Build.0 = Release|Any CPU
	EndGlobalSection
	GlobalSection(SolutionProperties) = preSolution
		HideSolutionNode = FALSE
	EndGlobalSection
	GlobalSection(ExtensibilityGlobals) = postSolution
		SolutionGuid = {A04C22C8-6938-4834-AACE-6853A2BD19E6}
	EndGlobalSection
EndGlobal
