
Microsoft Visual Studio Solution File, Format Version 12.00
# Visual Studio Version 16
VisualStudioVersion = 16.0.30413.136
MinimumVisualStudioVersion = 10.0.40219.1
Project("{FAE04EC0-301F-11D3-BF4B-00C04F79EFBC}") = "Task_1", "Task_1\Task_1.csproj", "{8AFA4991-ACD2-4CB7-80DF-9D49CD783B45}"
EndProject
Project("{FAE04EC0-301F-11D3-BF4B-00C04F79EFBC}") = "Task_2", "ConsoleApp1\Task_2.csproj", "{7BB1DF7F-49A9-458E-B7F0-732122747656}"
EndProject
Global
	GlobalSection(SolutionConfigurationPlatforms) = preSolution
		Debug|Any CPU = Debug|Any CPU
		Release|Any CPU = Release|Any CPU
	EndGlobalSection
	GlobalSection(ProjectConfigurationPlatforms) = postSolution
		{8AFA4991-ACD2-4CB7-80DF-9D49CD783B45}.Debug|Any CPU.ActiveCfg = Debug|Any CPU
		{8AFA4991-ACD2-4CB7-80DF-9D49CD783B45}.Debug|Any CPU.Build.0 = Debug|Any CPU
		{8AFA4991-ACD2-4CB7-80DF-9D49CD783B45}.Release|Any CPU.ActiveCfg = Release|Any CPU
		{8AFA4991-ACD2-4CB7-80DF-9D49CD783B45}.Release|Any CPU.Build.0 = Release|Any CPU
		{7BB1DF7F-49A9-458E-B7F0-732122747656}.Debug|Any CPU.ActiveCfg = Debug|Any CPU
		{7BB1DF7F-49A9-458E-B7F0-732122747656}.Debug|Any CPU.Build.0 = Debug|Any CPU
		{7BB1DF7F-49A9-458E-B7F0-732122747656}.Release|Any CPU.ActiveCfg = Release|Any CPU
		{7BB1DF7F-49A9-458E-B7F0-732122747656}.Release|Any CPU.Build.0 = Release|Any CPU
	EndGlobalSection
	GlobalSection(SolutionProperties) = preSolution
		HideSolutionNode = FALSE
	EndGlobalSection
	GlobalSection(ExtensibilityGlobals) = postSolution
		SolutionGuid = {052E2145-86B1-45FB-8A6A-7F10EEDB3A05}
	EndGlobalSection
EndGlobal
