
Microsoft Visual Studio Solution File, Format Version 12.00
# Visual Studio Version 16
VisualStudioVersion = 16.0.31105.61
MinimumVisualStudioVersion = 10.0.40219.1
Project("{FAE04EC0-301F-11D3-BF4B-00C04F79EFBC}") = "Task_1", "Task_1\Task_1.csproj", "{FE4D27A8-B730-4CD9-B414-9E588070E3A4}"
EndProject
Global
	GlobalSection(SolutionConfigurationPlatforms) = preSolution
		Debug|Any CPU = Debug|Any CPU
		Release|Any CPU = Release|Any CPU
	EndGlobalSection
	GlobalSection(ProjectConfigurationPlatforms) = postSolution
		{FE4D27A8-B730-4CD9-B414-9E588070E3A4}.Debug|Any CPU.ActiveCfg = Debug|Any CPU
		{FE4D27A8-B730-4CD9-B414-9E588070E3A4}.Debug|Any CPU.Build.0 = Debug|Any CPU
		{FE4D27A8-B730-4CD9-B414-9E588070E3A4}.Release|Any CPU.ActiveCfg = Release|Any CPU
		{FE4D27A8-B730-4CD9-B414-9E588070E3A4}.Release|Any CPU.Build.0 = Release|Any CPU
	EndGlobalSection
	GlobalSection(SolutionProperties) = preSolution
		HideSolutionNode = FALSE
	EndGlobalSection
	GlobalSection(ExtensibilityGlobals) = postSolution
		SolutionGuid = {CD8E85BB-1DC4-4995-BF6A-ED5BC510AE2F}
	EndGlobalSection
EndGlobal
