
Microsoft Visual Studio Solution File, Format Version 12.00
# Visual Studio Version 16
VisualStudioVersion = 16.0.30413.136
MinimumVisualStudioVersion = 10.0.40219.1
Project("{FAE04EC0-301F-11D3-BF4B-00C04F79EFBC}") = "Sem_03_09", "Sem_03_09\Sem_03_09.csproj", "{470B1248-C882-48C7-8072-5F24705D6C3A}"
EndProject
Project("{FAE04EC0-301F-11D3-BF4B-00C04F79EFBC}") = "Sem_03_11", "Sem_03_11\Sem_03_11.csproj", "{6225551F-FF66-494B-A56F-971FA822675C}"
EndProject
Project("{FAE04EC0-301F-11D3-BF4B-00C04F79EFBC}") = "Sem_03_13", "Sem_03_13\Sem_03_13.csproj", "{C470A494-BEC3-4E8C-9917-DF0F2A50FE70}"
EndProject
Project("{FAE04EC0-301F-11D3-BF4B-00C04F79EFBC}") = "Sem_03_16", "Sem_03_16\Sem_03_16.csproj", "{9A093FD3-7E74-4357-8514-5A67765F56A5}"
EndProject
Project("{FAE04EC0-301F-11D3-BF4B-00C04F79EFBC}") = "Sem_03_20", "Sem_03_20\Sem_03_20.csproj", "{254C6ACC-379E-4807-ADA8-F8DCBF28B472}"
EndProject
Project("{FAE04EC0-301F-11D3-BF4B-00C04F79EFBC}") = "Sem_04_01.1", "Sem_04_01.1\Sem_04_01.1.csproj", "{5DB6DF02-2A43-4A81-8620-DAC9A001EB33}"
EndProject
Project("{FAE04EC0-301F-11D3-BF4B-00C04F79EFBC}") = "Sem_04_01.2", "Sem_04_01.2\Sem_04_01.2.csproj", "{4FD2A4A8-50DF-4BBC-AE92-788D16F07B07}"
EndProject
Project("{FAE04EC0-301F-11D3-BF4B-00C04F79EFBC}") = "Sem_04_01.3", "Sem_04_01.3\Sem_04_01.3.csproj", "{ECB71786-3BE9-4AF2-9280-02C03446B233}"
EndProject
Project("{FAE04EC0-301F-11D3-BF4B-00C04F79EFBC}") = "Sem_04_02", "Sem_04_02\Sem_04_02.csproj", "{78BE4037-4A64-42E1-8AC4-7260FC3F9D0B}"
EndProject
Project("{FAE04EC0-301F-11D3-BF4B-00C04F79EFBC}") = "Sem_04_03.1", "Sem_04_03.1\Sem_04_03.1.csproj", "{1B7CB378-2428-42B2-8E36-99EA4857D01C}"
EndProject
Project("{FAE04EC0-301F-11D3-BF4B-00C04F79EFBC}") = "Sem_04_03.2", "Sem_04_03.2\Sem_04_03.2.csproj", "{029AA0F1-E8B5-4108-B8FF-2E930D2864D7}"
EndProject
Project("{9A19103F-16F7-4668-BE54-9A1E7A4F7556}") = "Sem_04_04.1", "Sem_04_04.1\Sem_04_04.1.csproj", "{640A4208-457D-4BFC-B11B-4120F8952E59}"
EndProject
Project("{9A19103F-16F7-4668-BE54-9A1E7A4F7556}") = "Sem_04_04.2", "Sem_04_04.2\Sem_04_04.2.csproj", "{A8B1A272-5D47-4D60-8B7B-F38EF3E7122F}"
EndProject
Project("{FAE04EC0-301F-11D3-BF4B-00C04F79EFBC}") = "Sem_04_06", "Sem_04_06\Sem_04_06.csproj", "{1D29AD1B-E52F-4097-BE07-2A3CA1B5360A}"
EndProject
Global
	GlobalSection(SolutionConfigurationPlatforms) = preSolution
		Debug|Any CPU = Debug|Any CPU
		Release|Any CPU = Release|Any CPU
	EndGlobalSection
	GlobalSection(ProjectConfigurationPlatforms) = postSolution
		{470B1248-C882-48C7-8072-5F24705D6C3A}.Debug|Any CPU.ActiveCfg = Debug|Any CPU
		{470B1248-C882-48C7-8072-5F24705D6C3A}.Debug|Any CPU.Build.0 = Debug|Any CPU
		{470B1248-C882-48C7-8072-5F24705D6C3A}.Release|Any CPU.ActiveCfg = Release|Any CPU
		{470B1248-C882-48C7-8072-5F24705D6C3A}.Release|Any CPU.Build.0 = Release|Any CPU
		{6225551F-FF66-494B-A56F-971FA822675C}.Debug|Any CPU.ActiveCfg = Debug|Any CPU
		{6225551F-FF66-494B-A56F-971FA822675C}.Debug|Any CPU.Build.0 = Debug|Any CPU
		{6225551F-FF66-494B-A56F-971FA822675C}.Release|Any CPU.ActiveCfg = Release|Any CPU
		{6225551F-FF66-494B-A56F-971FA822675C}.Release|Any CPU.Build.0 = Release|Any CPU
		{C470A494-BEC3-4E8C-9917-DF0F2A50FE70}.Debug|Any CPU.ActiveCfg = Debug|Any CPU
		{C470A494-BEC3-4E8C-9917-DF0F2A50FE70}.Debug|Any CPU.Build.0 = Debug|Any CPU
		{C470A494-BEC3-4E8C-9917-DF0F2A50FE70}.Release|Any CPU.ActiveCfg = Release|Any CPU
		{C470A494-BEC3-4E8C-9917-DF0F2A50FE70}.Release|Any CPU.Build.0 = Release|Any CPU
		{9A093FD3-7E74-4357-8514-5A67765F56A5}.Debug|Any CPU.ActiveCfg = Debug|Any CPU
		{9A093FD3-7E74-4357-8514-5A67765F56A5}.Debug|Any CPU.Build.0 = Debug|Any CPU
		{9A093FD3-7E74-4357-8514-5A67765F56A5}.Release|Any CPU.ActiveCfg = Release|Any CPU
		{9A093FD3-7E74-4357-8514-5A67765F56A5}.Release|Any CPU.Build.0 = Release|Any CPU
		{254C6ACC-379E-4807-ADA8-F8DCBF28B472}.Debug|Any CPU.ActiveCfg = Debug|Any CPU
		{254C6ACC-379E-4807-ADA8-F8DCBF28B472}.Debug|Any CPU.Build.0 = Debug|Any CPU
		{254C6ACC-379E-4807-ADA8-F8DCBF28B472}.Release|Any CPU.ActiveCfg = Release|Any CPU
		{254C6ACC-379E-4807-ADA8-F8DCBF28B472}.Release|Any CPU.Build.0 = Release|Any CPU
		{5DB6DF02-2A43-4A81-8620-DAC9A001EB33}.Debug|Any CPU.ActiveCfg = Debug|Any CPU
		{5DB6DF02-2A43-4A81-8620-DAC9A001EB33}.Debug|Any CPU.Build.0 = Debug|Any CPU
		{5DB6DF02-2A43-4A81-8620-DAC9A001EB33}.Release|Any CPU.ActiveCfg = Release|Any CPU
		{5DB6DF02-2A43-4A81-8620-DAC9A001EB33}.Release|Any CPU.Build.0 = Release|Any CPU
		{4FD2A4A8-50DF-4BBC-AE92-788D16F07B07}.Debug|Any CPU.ActiveCfg = Debug|Any CPU
		{4FD2A4A8-50DF-4BBC-AE92-788D16F07B07}.Debug|Any CPU.Build.0 = Debug|Any CPU
		{4FD2A4A8-50DF-4BBC-AE92-788D16F07B07}.Release|Any CPU.ActiveCfg = Release|Any CPU
		{4FD2A4A8-50DF-4BBC-AE92-788D16F07B07}.Release|Any CPU.Build.0 = Release|Any CPU
		{ECB71786-3BE9-4AF2-9280-02C03446B233}.Debug|Any CPU.ActiveCfg = Debug|Any CPU
		{ECB71786-3BE9-4AF2-9280-02C03446B233}.Debug|Any CPU.Build.0 = Debug|Any CPU
		{ECB71786-3BE9-4AF2-9280-02C03446B233}.Release|Any CPU.ActiveCfg = Release|Any CPU
		{ECB71786-3BE9-4AF2-9280-02C03446B233}.Release|Any CPU.Build.0 = Release|Any CPU
		{78BE4037-4A64-42E1-8AC4-7260FC3F9D0B}.Debug|Any CPU.ActiveCfg = Debug|Any CPU
		{78BE4037-4A64-42E1-8AC4-7260FC3F9D0B}.Debug|Any CPU.Build.0 = Debug|Any CPU
		{78BE4037-4A64-42E1-8AC4-7260FC3F9D0B}.Release|Any CPU.ActiveCfg = Release|Any CPU
		{78BE4037-4A64-42E1-8AC4-7260FC3F9D0B}.Release|Any CPU.Build.0 = Release|Any CPU
		{1B7CB378-2428-42B2-8E36-99EA4857D01C}.Debug|Any CPU.ActiveCfg = Debug|Any CPU
		{1B7CB378-2428-42B2-8E36-99EA4857D01C}.Debug|Any CPU.Build.0 = Debug|Any CPU
		{1B7CB378-2428-42B2-8E36-99EA4857D01C}.Release|Any CPU.ActiveCfg = Release|Any CPU
		{1B7CB378-2428-42B2-8E36-99EA4857D01C}.Release|Any CPU.Build.0 = Release|Any CPU
		{029AA0F1-E8B5-4108-B8FF-2E930D2864D7}.Debug|Any CPU.ActiveCfg = Debug|Any CPU
		{029AA0F1-E8B5-4108-B8FF-2E930D2864D7}.Debug|Any CPU.Build.0 = Debug|Any CPU
		{029AA0F1-E8B5-4108-B8FF-2E930D2864D7}.Release|Any CPU.ActiveCfg = Release|Any CPU
		{029AA0F1-E8B5-4108-B8FF-2E930D2864D7}.Release|Any CPU.Build.0 = Release|Any CPU
		{640A4208-457D-4BFC-B11B-4120F8952E59}.Debug|Any CPU.ActiveCfg = Debug|Any CPU
		{640A4208-457D-4BFC-B11B-4120F8952E59}.Debug|Any CPU.Build.0 = Debug|Any CPU
		{640A4208-457D-4BFC-B11B-4120F8952E59}.Release|Any CPU.ActiveCfg = Release|Any CPU
		{640A4208-457D-4BFC-B11B-4120F8952E59}.Release|Any CPU.Build.0 = Release|Any CPU
		{A8B1A272-5D47-4D60-8B7B-F38EF3E7122F}.Debug|Any CPU.ActiveCfg = Debug|Any CPU
		{A8B1A272-5D47-4D60-8B7B-F38EF3E7122F}.Debug|Any CPU.Build.0 = Debug|Any CPU
		{A8B1A272-5D47-4D60-8B7B-F38EF3E7122F}.Release|Any CPU.ActiveCfg = Release|Any CPU
		{A8B1A272-5D47-4D60-8B7B-F38EF3E7122F}.Release|Any CPU.Build.0 = Release|Any CPU
		{1D29AD1B-E52F-4097-BE07-2A3CA1B5360A}.Debug|Any CPU.ActiveCfg = Debug|Any CPU
		{1D29AD1B-E52F-4097-BE07-2A3CA1B5360A}.Debug|Any CPU.Build.0 = Debug|Any CPU
		{1D29AD1B-E52F-4097-BE07-2A3CA1B5360A}.Release|Any CPU.ActiveCfg = Release|Any CPU
		{1D29AD1B-E52F-4097-BE07-2A3CA1B5360A}.Release|Any CPU.Build.0 = Release|Any CPU
	EndGlobalSection
	GlobalSection(SolutionProperties) = preSolution
		HideSolutionNode = FALSE
	EndGlobalSection
	GlobalSection(ExtensibilityGlobals) = postSolution
		SolutionGuid = {986D8017-887C-48C0-BD2E-624D64E612D1}
	EndGlobalSection
EndGlobal
