
Microsoft Visual Studio Solution File, Format Version 12.00
# Visual Studio Version 16
VisualStudioVersion = 16.0.30413.136
MinimumVisualStudioVersion = 10.0.40219.1
Project("{FAE04EC0-301F-11D3-BF4B-00C04F79EFBC}") = "Task_1", "Task_1\Task_1.csproj", "{78B43274-A81D-4619-AB2F-8FF8D16EAB51}"
EndProject
Project("{FAE04EC0-301F-11D3-BF4B-00C04F79EFBC}") = "Task_2", "Task_2\Task_2.csproj", "{E5BB72B8-2004-41D6-B01F-B69CA06E3DB7}"
EndProject
Global
	GlobalSection(SolutionConfigurationPlatforms) = preSolution
		Debug|Any CPU = Debug|Any CPU
		Release|Any CPU = Release|Any CPU
	EndGlobalSection
	GlobalSection(ProjectConfigurationPlatforms) = postSolution
		{78B43274-A81D-4619-AB2F-8FF8D16EAB51}.Debug|Any CPU.ActiveCfg = Debug|Any CPU
		{78B43274-A81D-4619-AB2F-8FF8D16EAB51}.Debug|Any CPU.Build.0 = Debug|Any CPU
		{78B43274-A81D-4619-AB2F-8FF8D16EAB51}.Release|Any CPU.ActiveCfg = Release|Any CPU
		{78B43274-A81D-4619-AB2F-8FF8D16EAB51}.Release|Any CPU.Build.0 = Release|Any CPU
		{E5BB72B8-2004-41D6-B01F-B69CA06E3DB7}.Debug|Any CPU.ActiveCfg = Debug|Any CPU
		{E5BB72B8-2004-41D6-B01F-B69CA06E3DB7}.Debug|Any CPU.Build.0 = Debug|Any CPU
		{E5BB72B8-2004-41D6-B01F-B69CA06E3DB7}.Release|Any CPU.ActiveCfg = Release|Any CPU
		{E5BB72B8-2004-41D6-B01F-B69CA06E3DB7}.Release|Any CPU.Build.0 = Release|Any CPU
	EndGlobalSection
	GlobalSection(SolutionProperties) = preSolution
		HideSolutionNode = FALSE
	EndGlobalSection
	GlobalSection(ExtensibilityGlobals) = postSolution
		SolutionGuid = {8DCC997D-AFCB-46D2-97D5-558DFE90A74A}
	EndGlobalSection
EndGlobal
