
Microsoft Visual Studio Solution File, Format Version 12.00
# Visual Studio Version 16
VisualStudioVersion = 16.0.30413.136
MinimumVisualStudioVersion = 10.0.40219.1
Project("{FAE04EC0-301F-11D3-BF4B-00C04F79EFBC}") = "Task_08", "Task_08\Task_08.csproj", "{EB64CC4E-8D7D-4F53-8090-9E69603D7E32}"
EndProject
Global
	GlobalSection(SolutionConfigurationPlatforms) = preSolution
		Debug|Any CPU = Debug|Any CPU
		Release|Any CPU = Release|Any CPU
	EndGlobalSection
	GlobalSection(ProjectConfigurationPlatforms) = postSolution
		{EB64CC4E-8D7D-4F53-8090-9E69603D7E32}.Debug|Any CPU.ActiveCfg = Debug|Any CPU
		{EB64CC4E-8D7D-4F53-8090-9E69603D7E32}.Debug|Any CPU.Build.0 = Debug|Any CPU
		{EB64CC4E-8D7D-4F53-8090-9E69603D7E32}.Release|Any CPU.ActiveCfg = Release|Any CPU
		{EB64CC4E-8D7D-4F53-8090-9E69603D7E32}.Release|Any CPU.Build.0 = Release|Any CPU
	EndGlobalSection
	GlobalSection(SolutionProperties) = preSolution
		HideSolutionNode = FALSE
	EndGlobalSection
	GlobalSection(ExtensibilityGlobals) = postSolution
		SolutionGuid = {912FAEC7-19F6-45CC-BEE5-6573EB6CE8D0}
	EndGlobalSection
EndGlobal
