
Microsoft Visual Studio Solution File, Format Version 12.00
# Visual Studio Version 16
VisualStudioVersion = 16.0.30413.136
MinimumVisualStudioVersion = 10.0.40219.1
Project("{FAE04EC0-301F-11D3-BF4B-00C04F79EFBC}") = "Task_1", "Task_1\Task_1.csproj", "{5F6CE05E-D1C4-4737-BFD7-7F97E8006DC9}"
EndProject
Project("{FAE04EC0-301F-11D3-BF4B-00C04F79EFBC}") = "Task_2", "Task_2\Task_2.csproj", "{B00EE7DA-B5D7-4115-8F53-BBF11A441A38}"
EndProject
Project("{FAE04EC0-301F-11D3-BF4B-00C04F79EFBC}") = "Task_3", "Task_3\Task_3.csproj", "{6D81C723-DFB8-430C-92E6-2F14F6D5A6EA}"
EndProject
Global
	GlobalSection(SolutionConfigurationPlatforms) = preSolution
		Debug|Any CPU = Debug|Any CPU
		Release|Any CPU = Release|Any CPU
	EndGlobalSection
	GlobalSection(ProjectConfigurationPlatforms) = postSolution
		{5F6CE05E-D1C4-4737-BFD7-7F97E8006DC9}.Debug|Any CPU.ActiveCfg = Debug|Any CPU
		{5F6CE05E-D1C4-4737-BFD7-7F97E8006DC9}.Debug|Any CPU.Build.0 = Debug|Any CPU
		{5F6CE05E-D1C4-4737-BFD7-7F97E8006DC9}.Release|Any CPU.ActiveCfg = Release|Any CPU
		{5F6CE05E-D1C4-4737-BFD7-7F97E8006DC9}.Release|Any CPU.Build.0 = Release|Any CPU
		{B00EE7DA-B5D7-4115-8F53-BBF11A441A38}.Debug|Any CPU.ActiveCfg = Debug|Any CPU
		{B00EE7DA-B5D7-4115-8F53-BBF11A441A38}.Debug|Any CPU.Build.0 = Debug|Any CPU
		{B00EE7DA-B5D7-4115-8F53-BBF11A441A38}.Release|Any CPU.ActiveCfg = Release|Any CPU
		{B00EE7DA-B5D7-4115-8F53-BBF11A441A38}.Release|Any CPU.Build.0 = Release|Any CPU
		{6D81C723-DFB8-430C-92E6-2F14F6D5A6EA}.Debug|Any CPU.ActiveCfg = Debug|Any CPU
		{6D81C723-DFB8-430C-92E6-2F14F6D5A6EA}.Debug|Any CPU.Build.0 = Debug|Any CPU
		{6D81C723-DFB8-430C-92E6-2F14F6D5A6EA}.Release|Any CPU.ActiveCfg = Release|Any CPU
		{6D81C723-DFB8-430C-92E6-2F14F6D5A6EA}.Release|Any CPU.Build.0 = Release|Any CPU
	EndGlobalSection
	GlobalSection(SolutionProperties) = preSolution
		HideSolutionNode = FALSE
	EndGlobalSection
	GlobalSection(ExtensibilityGlobals) = postSolution
		SolutionGuid = {B27D30E0-12B6-4D79-9ABE-8F7E0A27C410}
	EndGlobalSection
EndGlobal
