
Microsoft Visual Studio Solution File, Format Version 12.00
# Visual Studio Version 16
VisualStudioVersion = 16.0.30413.136
MinimumVisualStudioVersion = 10.0.40219.1
Project("{FAE04EC0-301F-11D3-BF4B-00C04F79EFBC}") = "Task_1", "Task_1\Task_1.csproj", "{A058050D-75B6-423B-86B9-BED86327F00B}"
EndProject
Project("{FAE04EC0-301F-11D3-BF4B-00C04F79EFBC}") = "Task_2", "Task_2\Task_2.csproj", "{27C57E0A-EFC1-4D75-AB4B-5D3F9320A3DE}"
EndProject
Project("{FAE04EC0-301F-11D3-BF4B-00C04F79EFBC}") = "Task_3", "Task_3\Task_3.csproj", "{2B7018E3-D944-4DEC-BD7A-49D3779FF54E}"
EndProject
Global
	GlobalSection(SolutionConfigurationPlatforms) = preSolution
		Debug|Any CPU = Debug|Any CPU
		Release|Any CPU = Release|Any CPU
	EndGlobalSection
	GlobalSection(ProjectConfigurationPlatforms) = postSolution
		{A058050D-75B6-423B-86B9-BED86327F00B}.Debug|Any CPU.ActiveCfg = Debug|Any CPU
		{A058050D-75B6-423B-86B9-BED86327F00B}.Debug|Any CPU.Build.0 = Debug|Any CPU
		{A058050D-75B6-423B-86B9-BED86327F00B}.Release|Any CPU.ActiveCfg = Release|Any CPU
		{A058050D-75B6-423B-86B9-BED86327F00B}.Release|Any CPU.Build.0 = Release|Any CPU
		{27C57E0A-EFC1-4D75-AB4B-5D3F9320A3DE}.Debug|Any CPU.ActiveCfg = Debug|Any CPU
		{27C57E0A-EFC1-4D75-AB4B-5D3F9320A3DE}.Debug|Any CPU.Build.0 = Debug|Any CPU
		{27C57E0A-EFC1-4D75-AB4B-5D3F9320A3DE}.Release|Any CPU.ActiveCfg = Release|Any CPU
		{27C57E0A-EFC1-4D75-AB4B-5D3F9320A3DE}.Release|Any CPU.Build.0 = Release|Any CPU
		{2B7018E3-D944-4DEC-BD7A-49D3779FF54E}.Debug|Any CPU.ActiveCfg = Debug|Any CPU
		{2B7018E3-D944-4DEC-BD7A-49D3779FF54E}.Debug|Any CPU.Build.0 = Debug|Any CPU
		{2B7018E3-D944-4DEC-BD7A-49D3779FF54E}.Release|Any CPU.ActiveCfg = Release|Any CPU
		{2B7018E3-D944-4DEC-BD7A-49D3779FF54E}.Release|Any CPU.Build.0 = Release|Any CPU
	EndGlobalSection
	GlobalSection(SolutionProperties) = preSolution
		HideSolutionNode = FALSE
	EndGlobalSection
	GlobalSection(ExtensibilityGlobals) = postSolution
		SolutionGuid = {76C899C2-72ED-4EB8-B6B6-56BD17C2DF3F}
	EndGlobalSection
EndGlobal
