
Microsoft Visual Studio Solution File, Format Version 12.00
# Visual Studio Version 16
VisualStudioVersion = 16.0.31105.61
MinimumVisualStudioVersion = 10.0.40219.1
Project("{FAE04EC0-301F-11D3-BF4B-00C04F79EFBC}") = "Task_1", "Task_1\Task_1.csproj", "{F4DD130F-FE48-4479-A884-0EFE848059D3}"
EndProject
Project("{FAE04EC0-301F-11D3-BF4B-00C04F79EFBC}") = "Task_2", "Task_2\Task_2.csproj", "{A7826FDA-DCDB-4400-97AB-085EACAA1B22}"
EndProject
Project("{FAE04EC0-301F-11D3-BF4B-00C04F79EFBC}") = "Task_3", "Task_3\Task_3.csproj", "{BD8C0623-E74D-431E-B3F7-6DF2374098E2}"
EndProject
Global
	GlobalSection(SolutionConfigurationPlatforms) = preSolution
		Debug|Any CPU = Debug|Any CPU
		Release|Any CPU = Release|Any CPU
	EndGlobalSection
	GlobalSection(ProjectConfigurationPlatforms) = postSolution
		{F4DD130F-FE48-4479-A884-0EFE848059D3}.Debug|Any CPU.ActiveCfg = Debug|Any CPU
		{F4DD130F-FE48-4479-A884-0EFE848059D3}.Debug|Any CPU.Build.0 = Debug|Any CPU
		{F4DD130F-FE48-4479-A884-0EFE848059D3}.Release|Any CPU.ActiveCfg = Release|Any CPU
		{F4DD130F-FE48-4479-A884-0EFE848059D3}.Release|Any CPU.Build.0 = Release|Any CPU
		{A7826FDA-DCDB-4400-97AB-085EACAA1B22}.Debug|Any CPU.ActiveCfg = Debug|Any CPU
		{A7826FDA-DCDB-4400-97AB-085EACAA1B22}.Debug|Any CPU.Build.0 = Debug|Any CPU
		{A7826FDA-DCDB-4400-97AB-085EACAA1B22}.Release|Any CPU.ActiveCfg = Release|Any CPU
		{A7826FDA-DCDB-4400-97AB-085EACAA1B22}.Release|Any CPU.Build.0 = Release|Any CPU
		{BD8C0623-E74D-431E-B3F7-6DF2374098E2}.Debug|Any CPU.ActiveCfg = Debug|Any CPU
		{BD8C0623-E74D-431E-B3F7-6DF2374098E2}.Debug|Any CPU.Build.0 = Debug|Any CPU
		{BD8C0623-E74D-431E-B3F7-6DF2374098E2}.Release|Any CPU.ActiveCfg = Release|Any CPU
		{BD8C0623-E74D-431E-B3F7-6DF2374098E2}.Release|Any CPU.Build.0 = Release|Any CPU
	EndGlobalSection
	GlobalSection(SolutionProperties) = preSolution
		HideSolutionNode = FALSE
	EndGlobalSection
	GlobalSection(ExtensibilityGlobals) = postSolution
		SolutionGuid = {20413B66-3FCE-43B1-8414-80D1634FC5DB}
	EndGlobalSection
EndGlobal
