
Microsoft Visual Studio Solution File, Format Version 12.00
# Visual Studio Version 16
VisualStudioVersion = 16.0.31105.61
MinimumVisualStudioVersion = 10.0.40219.1
Project("{FAE04EC0-301F-11D3-BF4B-00C04F79EFBC}") = "Task_1", "ConsoleApp1\Task_1.csproj", "{BD23EEF1-EAF0-44EF-B82D-CE9CD6C5D827}"
EndProject
Project("{FAE04EC0-301F-11D3-BF4B-00C04F79EFBC}") = "Task_2", "Task_2\Task_2.csproj", "{FE0869DD-4FC2-4ACA-B726-1AAF78A4F085}"
EndProject
Global
	GlobalSection(SolutionConfigurationPlatforms) = preSolution
		Debug|Any CPU = Debug|Any CPU
		Release|Any CPU = Release|Any CPU
	EndGlobalSection
	GlobalSection(ProjectConfigurationPlatforms) = postSolution
		{BD23EEF1-EAF0-44EF-B82D-CE9CD6C5D827}.Debug|Any CPU.ActiveCfg = Debug|Any CPU
		{BD23EEF1-EAF0-44EF-B82D-CE9CD6C5D827}.Debug|Any CPU.Build.0 = Debug|Any CPU
		{BD23EEF1-EAF0-44EF-B82D-CE9CD6C5D827}.Release|Any CPU.ActiveCfg = Release|Any CPU
		{BD23EEF1-EAF0-44EF-B82D-CE9CD6C5D827}.Release|Any CPU.Build.0 = Release|Any CPU
		{FE0869DD-4FC2-4ACA-B726-1AAF78A4F085}.Debug|Any CPU.ActiveCfg = Debug|Any CPU
		{FE0869DD-4FC2-4ACA-B726-1AAF78A4F085}.Debug|Any CPU.Build.0 = Debug|Any CPU
		{FE0869DD-4FC2-4ACA-B726-1AAF78A4F085}.Release|Any CPU.ActiveCfg = Release|Any CPU
		{FE0869DD-4FC2-4ACA-B726-1AAF78A4F085}.Release|Any CPU.Build.0 = Release|Any CPU
	EndGlobalSection
	GlobalSection(SolutionProperties) = preSolution
		HideSolutionNode = FALSE
	EndGlobalSection
	GlobalSection(ExtensibilityGlobals) = postSolution
		SolutionGuid = {48BD8E49-90A8-4D49-ABA9-B9D005443D64}
	EndGlobalSection
EndGlobal
