
Microsoft Visual Studio Solution File, Format Version 12.00
# Visual Studio Version 16
VisualStudioVersion = 16.0.30413.136
MinimumVisualStudioVersion = 10.0.40219.1
Project("{9A19103F-16F7-4668-BE54-9A1E7A4F7556}") = "Task_3_01", "Task_3_01\Task_3_01.csproj", "{EDCAFB22-1A64-4A71-945D-A1B250254AF8}"
EndProject
Project("{9A19103F-16F7-4668-BE54-9A1E7A4F7556}") = "Task_3_02", "Task_3_02\Task_3_02.csproj", "{232A2121-7D1E-4E7F-BF4F-5FD5248B7539}"
EndProject
Project("{9A19103F-16F7-4668-BE54-9A1E7A4F7556}") = "Task_3_03", "Task_3_03\Task_3_03.csproj", "{0667F0E2-72A2-4CF6-878A-6994C2214186}"
EndProject
Project("{9A19103F-16F7-4668-BE54-9A1E7A4F7556}") = "Task_3_04", "Task_3_04\Task_3_04.csproj", "{788E6DDC-3FA0-451C-8CC9-600335502AE5}"
EndProject
Project("{9A19103F-16F7-4668-BE54-9A1E7A4F7556}") = "Task_3_05", "Task_3_05\Task_3_05.csproj", "{D9D360EF-305B-4977-ADA4-3956E896A6C0}"
EndProject
Project("{9A19103F-16F7-4668-BE54-9A1E7A4F7556}") = "Task_3_06", "Task_3_06\Task_3_06.csproj", "{ACB90E63-9BAF-460D-B5D5-E73498C1E970}"
EndProject
Project("{9A19103F-16F7-4668-BE54-9A1E7A4F7556}") = "Task_2_01", "Task_2_01\Task_2_01.csproj", "{E7F01FFF-1775-4DD2-94F2-7580C68F869F}"
EndProject
Project("{9A19103F-16F7-4668-BE54-9A1E7A4F7556}") = "Task_2_02", "Task_2_02\Task_2_02.csproj", "{46538A3E-7AF0-4B60-AC05-499D7103A0DB}"
EndProject
Project("{9A19103F-16F7-4668-BE54-9A1E7A4F7556}") = "Task_2_03", "Task_2_03\Task_2_03.csproj", "{CEC2A057-18F9-4F3D-96F1-F356214D4EFB}"
EndProject
Project("{9A19103F-16F7-4668-BE54-9A1E7A4F7556}") = "Task_2_04", "Task_2_04\Task_2_04.csproj", "{762023F2-8F48-4F2F-923D-AD080E983E7E}"
EndProject
Project("{9A19103F-16F7-4668-BE54-9A1E7A4F7556}") = "Task_2_05", "Task_2_05\Task_2_05.csproj", "{C916B139-1D4B-4A00-B239-2F740218C499}"
EndProject
Project("{9A19103F-16F7-4668-BE54-9A1E7A4F7556}") = "Task_2_06", "Task_2_06\Task_2_06.csproj", "{F3D7A4A8-2E2D-413D-B4D4-09474B31681A}"
EndProject
Project("{9A19103F-16F7-4668-BE54-9A1E7A4F7556}") = "Task_2_07", "Task_2_07\Task_2_07.csproj", "{6471E92D-DC2C-4ABB-A74E-63D3CE732FFB}"
EndProject
Project("{9A19103F-16F7-4668-BE54-9A1E7A4F7556}") = "SemTask_2_07", "SemTask_2_07\SemTask_2_07.csproj", "{9EE61893-4E2F-493A-8CC2-282856F8E22C}"
EndProject
Project("{FAE04EC0-301F-11D3-BF4B-00C04F79EFBC}") = "SemTask_3_01", "SemTask_3_01\SemTask_3_01.csproj", "{0C8999CC-8654-46BC-AE77-391484E4B952}"
EndProject
Project("{FAE04EC0-301F-11D3-BF4B-00C04F79EFBC}") = "SemTask_3_02", "SemTask_3_02\SemTask_3_02.csproj", "{42543BF8-21F6-4307-8E59-88AF9F5CE1AE}"
EndProject
Project("{FAE04EC0-301F-11D3-BF4B-00C04F79EFBC}") = "SemTask_3_03", "SemTask_3_03\SemTask_3_03.csproj", "{F8BA80B1-2DCD-49D2-AD76-A3C9928263AD}"
EndProject
Project("{FAE04EC0-301F-11D3-BF4B-00C04F79EFBC}") = "SemTask_3_04", "SemTask_3_04\SemTask_3_04.csproj", "{8ADD3323-7E36-4D69-87F5-8CBE232C5F71}"
EndProject
Project("{FAE04EC0-301F-11D3-BF4B-00C04F79EFBC}") = "SemTask_3_05", "SemTask_3_05\SemTask_3_05.csproj", "{4159B317-B095-4081-81CD-2EBA3870AB9B}"
EndProject
Project("{FAE04EC0-301F-11D3-BF4B-00C04F79EFBC}") = "SemTask_3_06", "SemTask_3_06\SemTask_3_06.csproj", "{EB80403C-1318-4566-AE3F-755405B65B11}"
EndProject
Project("{FAE04EC0-301F-11D3-BF4B-00C04F79EFBC}") = "SemTask_3_07", "SemTask_3_07\SemTask_3_07.csproj", "{02A78E7D-C629-44B6-8084-4F6EA64652F9}"
EndProject
Global
	GlobalSection(SolutionConfigurationPlatforms) = preSolution
		Debug|Any CPU = Debug|Any CPU
		Release|Any CPU = Release|Any CPU
	EndGlobalSection
	GlobalSection(ProjectConfigurationPlatforms) = postSolution
		{EDCAFB22-1A64-4A71-945D-A1B250254AF8}.Debug|Any CPU.ActiveCfg = Debug|Any CPU
		{EDCAFB22-1A64-4A71-945D-A1B250254AF8}.Debug|Any CPU.Build.0 = Debug|Any CPU
		{EDCAFB22-1A64-4A71-945D-A1B250254AF8}.Release|Any CPU.ActiveCfg = Release|Any CPU
		{EDCAFB22-1A64-4A71-945D-A1B250254AF8}.Release|Any CPU.Build.0 = Release|Any CPU
		{232A2121-7D1E-4E7F-BF4F-5FD5248B7539}.Debug|Any CPU.ActiveCfg = Debug|Any CPU
		{232A2121-7D1E-4E7F-BF4F-5FD5248B7539}.Debug|Any CPU.Build.0 = Debug|Any CPU
		{232A2121-7D1E-4E7F-BF4F-5FD5248B7539}.Release|Any CPU.ActiveCfg = Release|Any CPU
		{232A2121-7D1E-4E7F-BF4F-5FD5248B7539}.Release|Any CPU.Build.0 = Release|Any CPU
		{0667F0E2-72A2-4CF6-878A-6994C2214186}.Debug|Any CPU.ActiveCfg = Debug|Any CPU
		{0667F0E2-72A2-4CF6-878A-6994C2214186}.Debug|Any CPU.Build.0 = Debug|Any CPU
		{0667F0E2-72A2-4CF6-878A-6994C2214186}.Release|Any CPU.ActiveCfg = Release|Any CPU
		{0667F0E2-72A2-4CF6-878A-6994C2214186}.Release|Any CPU.Build.0 = Release|Any CPU
		{788E6DDC-3FA0-451C-8CC9-600335502AE5}.Debug|Any CPU.ActiveCfg = Debug|Any CPU
		{788E6DDC-3FA0-451C-8CC9-600335502AE5}.Debug|Any CPU.Build.0 = Debug|Any CPU
		{788E6DDC-3FA0-451C-8CC9-600335502AE5}.Release|Any CPU.ActiveCfg = Release|Any CPU
		{788E6DDC-3FA0-451C-8CC9-600335502AE5}.Release|Any CPU.Build.0 = Release|Any CPU
		{D9D360EF-305B-4977-ADA4-3956E896A6C0}.Debug|Any CPU.ActiveCfg = Debug|Any CPU
		{D9D360EF-305B-4977-ADA4-3956E896A6C0}.Debug|Any CPU.Build.0 = Debug|Any CPU
		{D9D360EF-305B-4977-ADA4-3956E896A6C0}.Release|Any CPU.ActiveCfg = Release|Any CPU
		{D9D360EF-305B-4977-ADA4-3956E896A6C0}.Release|Any CPU.Build.0 = Release|Any CPU
		{ACB90E63-9BAF-460D-B5D5-E73498C1E970}.Debug|Any CPU.ActiveCfg = Debug|Any CPU
		{ACB90E63-9BAF-460D-B5D5-E73498C1E970}.Debug|Any CPU.Build.0 = Debug|Any CPU
		{ACB90E63-9BAF-460D-B5D5-E73498C1E970}.Release|Any CPU.ActiveCfg = Release|Any CPU
		{ACB90E63-9BAF-460D-B5D5-E73498C1E970}.Release|Any CPU.Build.0 = Release|Any CPU
		{E7F01FFF-1775-4DD2-94F2-7580C68F869F}.Debug|Any CPU.ActiveCfg = Debug|Any CPU
		{E7F01FFF-1775-4DD2-94F2-7580C68F869F}.Debug|Any CPU.Build.0 = Debug|Any CPU
		{E7F01FFF-1775-4DD2-94F2-7580C68F869F}.Release|Any CPU.ActiveCfg = Release|Any CPU
		{E7F01FFF-1775-4DD2-94F2-7580C68F869F}.Release|Any CPU.Build.0 = Release|Any CPU
		{46538A3E-7AF0-4B60-AC05-499D7103A0DB}.Debug|Any CPU.ActiveCfg = Debug|Any CPU
		{46538A3E-7AF0-4B60-AC05-499D7103A0DB}.Debug|Any CPU.Build.0 = Debug|Any CPU
		{46538A3E-7AF0-4B60-AC05-499D7103A0DB}.Release|Any CPU.ActiveCfg = Release|Any CPU
		{46538A3E-7AF0-4B60-AC05-499D7103A0DB}.Release|Any CPU.Build.0 = Release|Any CPU
		{CEC2A057-18F9-4F3D-96F1-F356214D4EFB}.Debug|Any CPU.ActiveCfg = Debug|Any CPU
		{CEC2A057-18F9-4F3D-96F1-F356214D4EFB}.Debug|Any CPU.Build.0 = Debug|Any CPU
		{CEC2A057-18F9-4F3D-96F1-F356214D4EFB}.Release|Any CPU.ActiveCfg = Release|Any CPU
		{CEC2A057-18F9-4F3D-96F1-F356214D4EFB}.Release|Any CPU.Build.0 = Release|Any CPU
		{762023F2-8F48-4F2F-923D-AD080E983E7E}.Debug|Any CPU.ActiveCfg = Debug|Any CPU
		{762023F2-8F48-4F2F-923D-AD080E983E7E}.Debug|Any CPU.Build.0 = Debug|Any CPU
		{762023F2-8F48-4F2F-923D-AD080E983E7E}.Release|Any CPU.ActiveCfg = Release|Any CPU
		{762023F2-8F48-4F2F-923D-AD080E983E7E}.Release|Any CPU.Build.0 = Release|Any CPU
		{C916B139-1D4B-4A00-B239-2F740218C499}.Debug|Any CPU.ActiveCfg = Debug|Any CPU
		{C916B139-1D4B-4A00-B239-2F740218C499}.Debug|Any CPU.Build.0 = Debug|Any CPU
		{C916B139-1D4B-4A00-B239-2F740218C499}.Release|Any CPU.ActiveCfg = Release|Any CPU
		{C916B139-1D4B-4A00-B239-2F740218C499}.Release|Any CPU.Build.0 = Release|Any CPU
		{F3D7A4A8-2E2D-413D-B4D4-09474B31681A}.Debug|Any CPU.ActiveCfg = Debug|Any CPU
		{F3D7A4A8-2E2D-413D-B4D4-09474B31681A}.Debug|Any CPU.Build.0 = Debug|Any CPU
		{F3D7A4A8-2E2D-413D-B4D4-09474B31681A}.Release|Any CPU.ActiveCfg = Release|Any CPU
		{F3D7A4A8-2E2D-413D-B4D4-09474B31681A}.Release|Any CPU.Build.0 = Release|Any CPU
		{6471E92D-DC2C-4ABB-A74E-63D3CE732FFB}.Debug|Any CPU.ActiveCfg = Debug|Any CPU
		{6471E92D-DC2C-4ABB-A74E-63D3CE732FFB}.Debug|Any CPU.Build.0 = Debug|Any CPU
		{6471E92D-DC2C-4ABB-A74E-63D3CE732FFB}.Release|Any CPU.ActiveCfg = Release|Any CPU
		{6471E92D-DC2C-4ABB-A74E-63D3CE732FFB}.Release|Any CPU.Build.0 = Release|Any CPU
		{9EE61893-4E2F-493A-8CC2-282856F8E22C}.Debug|Any CPU.ActiveCfg = Debug|Any CPU
		{9EE61893-4E2F-493A-8CC2-282856F8E22C}.Debug|Any CPU.Build.0 = Debug|Any CPU
		{9EE61893-4E2F-493A-8CC2-282856F8E22C}.Release|Any CPU.ActiveCfg = Release|Any CPU
		{9EE61893-4E2F-493A-8CC2-282856F8E22C}.Release|Any CPU.Build.0 = Release|Any CPU
		{0C8999CC-8654-46BC-AE77-391484E4B952}.Debug|Any CPU.ActiveCfg = Debug|Any CPU
		{0C8999CC-8654-46BC-AE77-391484E4B952}.Debug|Any CPU.Build.0 = Debug|Any CPU
		{0C8999CC-8654-46BC-AE77-391484E4B952}.Release|Any CPU.ActiveCfg = Release|Any CPU
		{0C8999CC-8654-46BC-AE77-391484E4B952}.Release|Any CPU.Build.0 = Release|Any CPU
		{42543BF8-21F6-4307-8E59-88AF9F5CE1AE}.Debug|Any CPU.ActiveCfg = Debug|Any CPU
		{42543BF8-21F6-4307-8E59-88AF9F5CE1AE}.Debug|Any CPU.Build.0 = Debug|Any CPU
		{42543BF8-21F6-4307-8E59-88AF9F5CE1AE}.Release|Any CPU.ActiveCfg = Release|Any CPU
		{42543BF8-21F6-4307-8E59-88AF9F5CE1AE}.Release|Any CPU.Build.0 = Release|Any CPU
		{F8BA80B1-2DCD-49D2-AD76-A3C9928263AD}.Debug|Any CPU.ActiveCfg = Debug|Any CPU
		{F8BA80B1-2DCD-49D2-AD76-A3C9928263AD}.Debug|Any CPU.Build.0 = Debug|Any CPU
		{F8BA80B1-2DCD-49D2-AD76-A3C9928263AD}.Release|Any CPU.ActiveCfg = Release|Any CPU
		{F8BA80B1-2DCD-49D2-AD76-A3C9928263AD}.Release|Any CPU.Build.0 = Release|Any CPU
		{8ADD3323-7E36-4D69-87F5-8CBE232C5F71}.Debug|Any CPU.ActiveCfg = Debug|Any CPU
		{8ADD3323-7E36-4D69-87F5-8CBE232C5F71}.Debug|Any CPU.Build.0 = Debug|Any CPU
		{8ADD3323-7E36-4D69-87F5-8CBE232C5F71}.Release|Any CPU.ActiveCfg = Release|Any CPU
		{8ADD3323-7E36-4D69-87F5-8CBE232C5F71}.Release|Any CPU.Build.0 = Release|Any CPU
		{4159B317-B095-4081-81CD-2EBA3870AB9B}.Debug|Any CPU.ActiveCfg = Debug|Any CPU
		{4159B317-B095-4081-81CD-2EBA3870AB9B}.Debug|Any CPU.Build.0 = Debug|Any CPU
		{4159B317-B095-4081-81CD-2EBA3870AB9B}.Release|Any CPU.ActiveCfg = Release|Any CPU
		{4159B317-B095-4081-81CD-2EBA3870AB9B}.Release|Any CPU.Build.0 = Release|Any CPU
		{EB80403C-1318-4566-AE3F-755405B65B11}.Debug|Any CPU.ActiveCfg = Debug|Any CPU
		{EB80403C-1318-4566-AE3F-755405B65B11}.Debug|Any CPU.Build.0 = Debug|Any CPU
		{EB80403C-1318-4566-AE3F-755405B65B11}.Release|Any CPU.ActiveCfg = Release|Any CPU
		{EB80403C-1318-4566-AE3F-755405B65B11}.Release|Any CPU.Build.0 = Release|Any CPU
		{02A78E7D-C629-44B6-8084-4F6EA64652F9}.Debug|Any CPU.ActiveCfg = Debug|Any CPU
		{02A78E7D-C629-44B6-8084-4F6EA64652F9}.Debug|Any CPU.Build.0 = Debug|Any CPU
		{02A78E7D-C629-44B6-8084-4F6EA64652F9}.Release|Any CPU.ActiveCfg = Release|Any CPU
		{02A78E7D-C629-44B6-8084-4F6EA64652F9}.Release|Any CPU.Build.0 = Release|Any CPU
	EndGlobalSection
	GlobalSection(SolutionProperties) = preSolution
		HideSolutionNode = FALSE
	EndGlobalSection
	GlobalSection(ExtensibilityGlobals) = postSolution
		SolutionGuid = {6A7C6F3C-58CB-444D-B2D7-9A957D13BF37}
	EndGlobalSection
EndGlobal
