
Microsoft Visual Studio Solution File, Format Version 12.00
# Visual Studio Version 16
VisualStudioVersion = 16.0.31005.135
MinimumVisualStudioVersion = 10.0.40219.1
Project("{9A19103F-16F7-4668-BE54-9A1E7A4F7556}") = "Task", "Task\Task.csproj", "{4985BF66-CD58-4BB1-9257-EF8D07A0227B}"
EndProject
Project("{FAE04EC0-301F-11D3-BF4B-00C04F79EFBC}") = "Task_2", "Task_2\Task_2.csproj", "{625EA388-77C5-41D2-83B8-5C925E07ED59}"
EndProject
Global
	GlobalSection(SolutionConfigurationPlatforms) = preSolution
		Debug|Any CPU = Debug|Any CPU
		Release|Any CPU = Release|Any CPU
	EndGlobalSection
	GlobalSection(ProjectConfigurationPlatforms) = postSolution
		{4985BF66-CD58-4BB1-9257-EF8D07A0227B}.Debug|Any CPU.ActiveCfg = Debug|Any CPU
		{4985BF66-CD58-4BB1-9257-EF8D07A0227B}.Debug|Any CPU.Build.0 = Debug|Any CPU
		{4985BF66-CD58-4BB1-9257-EF8D07A0227B}.Release|Any CPU.ActiveCfg = Release|Any CPU
		{4985BF66-CD58-4BB1-9257-EF8D07A0227B}.Release|Any CPU.Build.0 = Release|Any CPU
		{625EA388-77C5-41D2-83B8-5C925E07ED59}.Debug|Any CPU.ActiveCfg = Debug|Any CPU
		{625EA388-77C5-41D2-83B8-5C925E07ED59}.Debug|Any CPU.Build.0 = Debug|Any CPU
		{625EA388-77C5-41D2-83B8-5C925E07ED59}.Release|Any CPU.ActiveCfg = Release|Any CPU
		{625EA388-77C5-41D2-83B8-5C925E07ED59}.Release|Any CPU.Build.0 = Release|Any CPU
	EndGlobalSection
	GlobalSection(SolutionProperties) = preSolution
		HideSolutionNode = FALSE
	EndGlobalSection
	GlobalSection(ExtensibilityGlobals) = postSolution
		SolutionGuid = {94BC4681-F9AC-4F8F-86F1-87EC1BDABFDB}
	EndGlobalSection
EndGlobal
